
Microsoft Visual Studio Solution File, Format Version 12.00
# Visual Studio 15
VisualStudioVersion = 15.0.27703.2018
MinimumVisualStudioVersion = 10.0.40219.1
Project("{9A19103F-16F7-4668-BE54-9A1E7A4F7556}") = "CollectionMicroservice", "CollectionMicroservice\CollectionMicroservice.csproj", "{0C58ED19-B434-44D0-A687-C4957FD67BD8}"
EndProject
Project("{9A19103F-16F7-4668-BE54-9A1E7A4F7556}") = "MVCWebApp", "MVCWebApp\MVCWebApp.csproj", "{E061AFCC-0205-454F-8527-A09AA127103A}"
EndProject
Project("{9A19103F-16F7-4668-BE54-9A1E7A4F7556}") = "BlobMicroservice", "BlobMicroservice\BlobMicroservice.csproj", "{2FA51AF9-4B39-4170-8071-ADB7608DFA2A}"
EndProject
Project("{2150E333-8FDC-42A3-9474-1A3956D46DE8}") = "Clients", "Clients", "{B61A33BD-8A41-4849-9A96-F6D78DCF12A3}"
EndProject
Project("{2150E333-8FDC-42A3-9474-1A3956D46DE8}") = "Microservices", "Microservices", "{46FD829E-00C4-4BDE-85D2-B2E1E9FEBA2D}"
EndProject
Project("{2150E333-8FDC-42A3-9474-1A3956D46DE8}") = "Unit Tests", "Unit Tests", "{8611F0D2-1A57-4B8F-9862-EE9B5D422905}"
EndProject
Project("{9A19103F-16F7-4668-BE54-9A1E7A4F7556}") = "MVCWebApp.Tests", "MVCWebApp.Tests\MVCWebApp.Tests.csproj", "{4E278B9C-812A-42D1-BAEC-E537F5473DE3}"
EndProject
Project("{9A19103F-16F7-4668-BE54-9A1E7A4F7556}") = "BlobMicroservice.Tests", "BlobMicroservice.Tests\BlobMicroservice.Tests.csproj", "{692FAC97-2DD9-4CE2-8E25-7F09544D1FC9}"
EndProject
Project("{9A19103F-16F7-4668-BE54-9A1E7A4F7556}") = "CollectionMicroservice.Tests", "CollectionMicroservice.Tests\CollectionMicroservice.Tests.csproj", "{6A5316F8-715F-4E76-AD57-8CFD78FEFBB4}"
EndProject
Project("{2150E333-8FDC-42A3-9474-1A3956D46DE8}") = "APIs", "APIs", "{148347E9-8BAF-478B-8352-B57017E61616}"
EndProject
Project("{FAE04EC0-301F-11D3-BF4B-00C04F79EFBC}") = "GatewayAPI", "GatewayAPI\GatewayAPI.csproj", "{8E14DD85-3DC2-4FEE-8341-78A25133B796}"
EndProject
Global
	GlobalSection(SolutionConfigurationPlatforms) = preSolution
		Debug|Any CPU = Debug|Any CPU
		Release|Any CPU = Release|Any CPU
	EndGlobalSection
	GlobalSection(ProjectConfigurationPlatforms) = postSolution
		{0C58ED19-B434-44D0-A687-C4957FD67BD8}.Debug|Any CPU.ActiveCfg = Debug|Any CPU
		{0C58ED19-B434-44D0-A687-C4957FD67BD8}.Debug|Any CPU.Build.0 = Debug|Any CPU
		{0C58ED19-B434-44D0-A687-C4957FD67BD8}.Release|Any CPU.ActiveCfg = Release|Any CPU
		{0C58ED19-B434-44D0-A687-C4957FD67BD8}.Release|Any CPU.Build.0 = Release|Any CPU
		{E061AFCC-0205-454F-8527-A09AA127103A}.Debug|Any CPU.ActiveCfg = Debug|Any CPU
		{E061AFCC-0205-454F-8527-A09AA127103A}.Debug|Any CPU.Build.0 = Debug|Any CPU
		{E061AFCC-0205-454F-8527-A09AA127103A}.Release|Any CPU.ActiveCfg = Release|Any CPU
		{E061AFCC-0205-454F-8527-A09AA127103A}.Release|Any CPU.Build.0 = Release|Any CPU
		{2FA51AF9-4B39-4170-8071-ADB7608DFA2A}.Debug|Any CPU.ActiveCfg = Debug|Any CPU
		{2FA51AF9-4B39-4170-8071-ADB7608DFA2A}.Debug|Any CPU.Build.0 = Debug|Any CPU
		{2FA51AF9-4B39-4170-8071-ADB7608DFA2A}.Release|Any CPU.ActiveCfg = Release|Any CPU
		{2FA51AF9-4B39-4170-8071-ADB7608DFA2A}.Release|Any CPU.Build.0 = Release|Any CPU
		{4E278B9C-812A-42D1-BAEC-E537F5473DE3}.Debug|Any CPU.ActiveCfg = Debug|Any CPU
		{4E278B9C-812A-42D1-BAEC-E537F5473DE3}.Debug|Any CPU.Build.0 = Debug|Any CPU
		{4E278B9C-812A-42D1-BAEC-E537F5473DE3}.Release|Any CPU.ActiveCfg = Release|Any CPU
		{4E278B9C-812A-42D1-BAEC-E537F5473DE3}.Release|Any CPU.Build.0 = Release|Any CPU
		{692FAC97-2DD9-4CE2-8E25-7F09544D1FC9}.Debug|Any CPU.ActiveCfg = Debug|Any CPU
		{692FAC97-2DD9-4CE2-8E25-7F09544D1FC9}.Debug|Any CPU.Build.0 = Debug|Any CPU
		{692FAC97-2DD9-4CE2-8E25-7F09544D1FC9}.Release|Any CPU.ActiveCfg = Release|Any CPU
		{692FAC97-2DD9-4CE2-8E25-7F09544D1FC9}.Release|Any CPU.Build.0 = Release|Any CPU
		{6A5316F8-715F-4E76-AD57-8CFD78FEFBB4}.Debug|Any CPU.ActiveCfg = Debug|Any CPU
		{6A5316F8-715F-4E76-AD57-8CFD78FEFBB4}.Debug|Any CPU.Build.0 = Debug|Any CPU
		{6A5316F8-715F-4E76-AD57-8CFD78FEFBB4}.Release|Any CPU.ActiveCfg = Release|Any CPU
		{6A5316F8-715F-4E76-AD57-8CFD78FEFBB4}.Release|Any CPU.Build.0 = Release|Any CPU
		{8E14DD85-3DC2-4FEE-8341-78A25133B796}.Debug|Any CPU.ActiveCfg = Debug|Any CPU
		{8E14DD85-3DC2-4FEE-8341-78A25133B796}.Debug|Any CPU.Build.0 = Debug|Any CPU
		{8E14DD85-3DC2-4FEE-8341-78A25133B796}.Release|Any CPU.ActiveCfg = Release|Any CPU
		{8E14DD85-3DC2-4FEE-8341-78A25133B796}.Release|Any CPU.Build.0 = Release|Any CPU
	EndGlobalSection
	GlobalSection(SolutionProperties) = preSolution
		HideSolutionNode = FALSE
	EndGlobalSection
	GlobalSection(NestedProjects) = preSolution
		{0C58ED19-B434-44D0-A687-C4957FD67BD8} = {46FD829E-00C4-4BDE-85D2-B2E1E9FEBA2D}
		{E061AFCC-0205-454F-8527-A09AA127103A} = {B61A33BD-8A41-4849-9A96-F6D78DCF12A3}
		{2FA51AF9-4B39-4170-8071-ADB7608DFA2A} = {46FD829E-00C4-4BDE-85D2-B2E1E9FEBA2D}
		{4E278B9C-812A-42D1-BAEC-E537F5473DE3} = {8611F0D2-1A57-4B8F-9862-EE9B5D422905}
		{692FAC97-2DD9-4CE2-8E25-7F09544D1FC9} = {8611F0D2-1A57-4B8F-9862-EE9B5D422905}
		{6A5316F8-715F-4E76-AD57-8CFD78FEFBB4} = {8611F0D2-1A57-4B8F-9862-EE9B5D422905}
		{8E14DD85-3DC2-4FEE-8341-78A25133B796} = {148347E9-8BAF-478B-8352-B57017E61616}
	EndGlobalSection
	GlobalSection(ExtensibilityGlobals) = postSolution
		SolutionGuid = {0BF50F02-DCC8-40CA-9403-2C7FD1DDC62A}
	EndGlobalSection
EndGlobal
